
Microsoft Visual Studio Solution File, Format Version 12.00
# Visual Studio Version 16
VisualStudioVersion = 16.0.29728.190
MinimumVisualStudioVersion = 10.0.40219.1
Project("{FAE04EC0-301F-11D3-BF4B-00C04F79EFBC}") = "WhaleWarsTest", "WhaleWarsTest\WhaleWarsTest.csproj", "{5EB54636-8CD8-4E0D-804E-554419459B78}"
EndProject
Global
	GlobalSection(SolutionConfigurationPlatforms) = preSolution
		Debug|Any CPU = Debug|Any CPU
		Release|Any CPU = Release|Any CPU
	EndGlobalSection
	GlobalSection(ProjectConfigurationPlatforms) = postSolution
		{5EB54636-8CD8-4E0D-804E-554419459B78}.Debug|Any CPU.ActiveCfg = Debug|Any CPU
		{5EB54636-8CD8-4E0D-804E-554419459B78}.Debug|Any CPU.Build.0 = Debug|Any CPU
		{5EB54636-8CD8-4E0D-804E-554419459B78}.Release|Any CPU.ActiveCfg = Release|Any CPU
		{5EB54636-8CD8-4E0D-804E-554419459B78}.Release|Any CPU.Build.0 = Release|Any CPU
	EndGlobalSection
	GlobalSection(SolutionProperties) = preSolution
		HideSolutionNode = FALSE
	EndGlobalSection
	GlobalSection(ExtensibilityGlobals) = postSolution
		SolutionGuid = {DBF2785D-6B37-4EC6-B3E8-227E9B5FDA3A}
	EndGlobalSection
EndGlobal
